FORGE
  remote: https://forgeapi.puppetlabs.com
  specs:
    atlassian-nexus_rest (0.6.0)
    garethr-docker (5.2.0)
      puppetlabs-apt (<= 3.0.0, >= 1.8.0)
      puppetlabs-stdlib (>= 4.1.0)
      stahnma-epel (>= 0.0.6)
    puppetlabs-apt (2.2.2)
      puppetlabs-stdlib (< 5.0.0, >= 4.5.0)
    puppetlabs-docker_platform (2.1.0)
      garethr-docker (= 5.2.0)
    puppetlabs-stdlib (4.11.0)
    stahnma-epel (1.2.2)
      puppetlabs-stdlib (>= 3.0.0)

DEPENDENCIES
  atlassian-nexus_rest (= 0.6.0)
  puppetlabs-docker_platform (= 2.1.0)

